{
  "_from": "bday",
  "_id": "bday@1.0.8",
  "_inBundle": false,
  "_integrity": "sha512-vACbmJxyhzozyLxlyzjAS+nHZQZv5R/RetvsGceLv9whW5DWC42R2czVHu6/rh5mYFYntExNS7M4+IIGUyIucw==",
  "_location": "/bday",
  "_phantomChildren": {},
  "_requested": {
    "type": "tag",
    "registry": true,
    "raw": "bday",
    "name": "bday",
    "escapedName": "bday",
    "rawSpec": "",
    "saveSpec": null,
    "fetchSpec": "latest"
  },
  "_requiredBy": [
    "#USER",
    "/"
  ],
  "_resolved": "https://registry.npmjs.org/bday/-/bday-1.0.8.tgz",
  "_shasum": "ba43336a482f70bdcc21ec3dc4e38bec41f34c41",
  "_spec": "bday",
  "_where": "C:\\Users\\ridaf\\Desktop\\mcduels",
  "author": {
    "name": "Rida Fakih"
  },
  "bugs": {
    "url": "https://github.com/ridarf/bday/issues"
  },
  "bundleDependencies": false,
  "dependencies": {
    "jsdom": "^15.0.0",
    "lodash": "^4.17.15",
    "request-promise-native": "^1.0.7"
  },
  "deprecated": false,
  "description": "Grab the birthday of anybody of interest, celebrities, famous scientists, artists, etc.",
  "homepage": "https://github.com/ridarf/bday#readme",
  "keywords": [
    "birthday",
    "celebrities",
    "celebrity",
    "bday"
  ],
  "license": "ISC",
  "main": "index.js",
  "name": "bday",
  "repository": {
    "type": "git",
    "url": "git+https://github.com/ridarf/bday.git"
  },
  "scripts": {
    "test": "echo \"Error: no test specified\" && exit 1"
  },
  "version": "1.0.8"
}
